
Microsoft Visual Studio Solution File, Format Version 12.00
# Visual Studio Version 17
VisualStudioVersion = 17.8.34525.116
MinimumVisualStudioVersion = 10.0.40219.1
Project("{888888A0-9F3D-457C-B088-3A5042F75D52}") = "characterCode", "characterCode\characterCode.pyproj", "{D0906FCA-F338-47BC-A07A-AC45386C25D2}"
EndProject
Global
	GlobalSection(SolutionConfigurationPlatforms) = preSolution
		Debug|Any CPU = Debug|Any CPU
		Release|Any CPU = Release|Any CPU
	EndGlobalSection
	GlobalSection(ProjectConfigurationPlatforms) = postSolution
		{D0906FCA-F338-47BC-A07A-AC45386C25D2}.Debug|Any CPU.ActiveCfg = Debug|Any CPU
		{D0906FCA-F338-47BC-A07A-AC45386C25D2}.Release|Any CPU.ActiveCfg = Release|Any CPU
	EndGlobalSection
	GlobalSection(SolutionProperties) = preSolution
		HideSolutionNode = FALSE
	EndGlobalSection
	GlobalSection(ExtensibilityGlobals) = postSolution
		SolutionGuid = {5C5631B2-069D-4481-9657-D570C397D959}
	EndGlobalSection
EndGlobal
